
Microsoft Visual Studio Solution File, Format Version 12.00
# Visual Studio Version 17
VisualStudioVersion = 17.4.33213.308
MinimumVisualStudioVersion = 10.0.40219.1
Project("{9A19103F-16F7-4668-BE54-9A1E7A4F7556}") = "RATS Sender", "RATS\RATS Sender.csproj", "{47C0249E-4BB6-4B63-854D-F50698A863FB}"
EndProject
Project("{FAE04EC0-301F-11D3-BF4B-00C04F79EFBC}") = "RATS Receiver", "RATS Receiver\RATS Receiver.csproj", "{A2082347-CC78-4103-A242-B83C4A88A5B2}"
EndProject
Global
	GlobalSection(SolutionConfigurationPlatforms) = preSolution
		Debug|Any CPU = Debug|Any CPU
		Release|Any CPU = Release|Any CPU
	EndGlobalSection
	GlobalSection(ProjectConfigurationPlatforms) = postSolution
		{47C0249E-4BB6-4B63-854D-F50698A863FB}.Debug|Any CPU.ActiveCfg = Debug|Any CPU
		{47C0249E-4BB6-4B63-854D-F50698A863FB}.Debug|Any CPU.Build.0 = Debug|Any CPU
		{47C0249E-4BB6-4B63-854D-F50698A863FB}.Release|Any CPU.ActiveCfg = Release|Any CPU
		{47C0249E-4BB6-4B63-854D-F50698A863FB}.Release|Any CPU.Build.0 = Release|Any CPU
		{A2082347-CC78-4103-A242-B83C4A88A5B2}.Debug|Any CPU.ActiveCfg = Debug|Any CPU
		{A2082347-CC78-4103-A242-B83C4A88A5B2}.Debug|Any CPU.Build.0 = Debug|Any CPU
		{A2082347-CC78-4103-A242-B83C4A88A5B2}.Release|Any CPU.ActiveCfg = Release|Any CPU
		{A2082347-CC78-4103-A242-B83C4A88A5B2}.Release|Any CPU.Build.0 = Release|Any CPU
	EndGlobalSection
	GlobalSection(SolutionProperties) = preSolution
		HideSolutionNode = FALSE
	EndGlobalSection
	GlobalSection(ExtensibilityGlobals) = postSolution
		SolutionGuid = {6FC84D75-FE38-4CF0-8028-B637B54DCE05}
	EndGlobalSection
EndGlobal
